
Microsoft Visual Studio Solution File, Format Version 12.00
# Visual Studio Version 17
VisualStudioVersion = 17.11.35222.181
MinimumVisualStudioVersion = 10.0.40219.1
Project("{FAE04EC0-301F-11D3-BF4B-00C04F79EFBC}") = "IdentityProject.WebApi", "IdentityProject.WebApi\IdentityProject.WebApi.csproj", "{0F6F37C8-479D-4395-B3D4-BCA8E6BBE9EE}"
EndProject
Global
	GlobalSection(SolutionConfigurationPlatforms) = preSolution
		Debug|Any CPU = Debug|Any CPU
		Release|Any CPU = Release|Any CPU
	EndGlobalSection
	GlobalSection(ProjectConfigurationPlatforms) = postSolution
		{0F6F37C8-479D-4395-B3D4-BCA8E6BBE9EE}.Debug|Any CPU.ActiveCfg = Debug|Any CPU
		{0F6F37C8-479D-4395-B3D4-BCA8E6BBE9EE}.Debug|Any CPU.Build.0 = Debug|Any CPU
		{0F6F37C8-479D-4395-B3D4-BCA8E6BBE9EE}.Release|Any CPU.ActiveCfg = Release|Any CPU
		{0F6F37C8-479D-4395-B3D4-BCA8E6BBE9EE}.Release|Any CPU.Build.0 = Release|Any CPU
	EndGlobalSection
	GlobalSection(SolutionProperties) = preSolution
		HideSolutionNode = FALSE
	EndGlobalSection
	GlobalSection(ExtensibilityGlobals) = postSolution
		SolutionGuid = {FB6B7568-4AB6-472A-8EB7-973D5938EE6D}
	EndGlobalSection
EndGlobal
